
Microsoft Visual Studio Solution File, Format Version 12.00
# Visual Studio Version 16
VisualStudioVersion = 16.0.31129.286
MinimumVisualStudioVersion = 10.0.40219.1
Project("{FAE04EC0-301F-11D3-BF4B-00C04F79EFBC}") = "UR1075", "UR1075\UR1075.csproj", "{BC0CB34B-1995-4CD7-9AE9-8F21FE6012F4}"
EndProject
Global
	GlobalSection(SolutionConfigurationPlatforms) = preSolution
		Debug|Any CPU = Debug|Any CPU
		Release|Any CPU = Release|Any CPU
	EndGlobalSection
	GlobalSection(ProjectConfigurationPlatforms) = postSolution
		{BC0CB34B-1995-4CD7-9AE9-8F21FE6012F4}.Debug|Any CPU.ActiveCfg = Debug|Any CPU
		{BC0CB34B-1995-4CD7-9AE9-8F21FE6012F4}.Debug|Any CPU.Build.0 = Debug|Any CPU
		{BC0CB34B-1995-4CD7-9AE9-8F21FE6012F4}.Release|Any CPU.ActiveCfg = Release|Any CPU
		{BC0CB34B-1995-4CD7-9AE9-8F21FE6012F4}.Release|Any CPU.Build.0 = Release|Any CPU
	EndGlobalSection
	GlobalSection(SolutionProperties) = preSolution
		HideSolutionNode = FALSE
	EndGlobalSection
	GlobalSection(ExtensibilityGlobals) = postSolution
		SolutionGuid = {2F0BCA1D-0C8C-4143-9C6B-95C12A1B38EC}
	EndGlobalSection
EndGlobal
