
Microsoft Visual Studio Solution File, Format Version 12.00
# Visual Studio Version 16
VisualStudioVersion = 16.0.32602.291
MinimumVisualStudioVersion = 10.0.40219.1
Project("{FAE04EC0-301F-11D3-BF4B-00C04F79EFBC}") = "EX Fixação membros staticos", "EX Fixação membros staticos\EX Fixação membros staticos.csproj", "{4820906E-D167-4B9F-B956-D9D5D66B2F81}"
EndProject
Global
	GlobalSection(SolutionConfigurationPlatforms) = preSolution
		Debug|Any CPU = Debug|Any CPU
		Release|Any CPU = Release|Any CPU
	EndGlobalSection
	GlobalSection(ProjectConfigurationPlatforms) = postSolution
		{4820906E-D167-4B9F-B956-D9D5D66B2F81}.Debug|Any CPU.ActiveCfg = Debug|Any CPU
		{4820906E-D167-4B9F-B956-D9D5D66B2F81}.Debug|Any CPU.Build.0 = Debug|Any CPU
		{4820906E-D167-4B9F-B956-D9D5D66B2F81}.Release|Any CPU.ActiveCfg = Release|Any CPU
		{4820906E-D167-4B9F-B956-D9D5D66B2F81}.Release|Any CPU.Build.0 = Release|Any CPU
	EndGlobalSection
	GlobalSection(SolutionProperties) = preSolution
		HideSolutionNode = FALSE
	EndGlobalSection
	GlobalSection(ExtensibilityGlobals) = postSolution
		SolutionGuid = {26523121-F304-4A8D-8649-504C23623E05}
	EndGlobalSection
EndGlobal
