
Microsoft Visual Studio Solution File, Format Version 12.00
# Visual Studio Version 17
VisualStudioVersion = 17.2.32616.157
MinimumVisualStudioVersion = 10.0.40219.1
Project("{FAE04EC0-301F-11D3-BF4B-00C04F79EFBC}") = "Herdar VS Interface", "Herdar VS Interface\Herdar VS Interface.csproj", "{17B433F7-6C80-4638-8C46-D4BB3474D3E9}"
EndProject
Global
	GlobalSection(SolutionConfigurationPlatforms) = preSolution
		Debug|Any CPU = Debug|Any CPU
		Release|Any CPU = Release|Any CPU
	EndGlobalSection
	GlobalSection(ProjectConfigurationPlatforms) = postSolution
		{17B433F7-6C80-4638-8C46-D4BB3474D3E9}.Debug|Any CPU.ActiveCfg = Debug|Any CPU
		{17B433F7-6C80-4638-8C46-D4BB3474D3E9}.Debug|Any CPU.Build.0 = Debug|Any CPU
		{17B433F7-6C80-4638-8C46-D4BB3474D3E9}.Release|Any CPU.ActiveCfg = Release|Any CPU
		{17B433F7-6C80-4638-8C46-D4BB3474D3E9}.Release|Any CPU.Build.0 = Release|Any CPU
	EndGlobalSection
	GlobalSection(SolutionProperties) = preSolution
		HideSolutionNode = FALSE
	EndGlobalSection
	GlobalSection(ExtensibilityGlobals) = postSolution
		SolutionGuid = {157F0794-99BE-43D7-B143-4C2663E53CC1}
	EndGlobalSection
EndGlobal
