
Microsoft Visual Studio Solution File, Format Version 12.00
# Visual Studio Version 17
VisualStudioVersion = 17.2.32519.379
MinimumVisualStudioVersion = 10.0.40219.1
Project("{FAE04EC0-301F-11D3-BF4B-00C04F79EFBC}") = "Exercicio", "Exercicio\Exercicio.csproj", "{FB0F6AE0-AD2D-4284-8146-C18A0CAC4954}"
EndProject
Global
	GlobalSection(SolutionConfigurationPlatforms) = preSolution
		Debug|Any CPU = Debug|Any CPU
		Release|Any CPU = Release|Any CPU
	EndGlobalSection
	GlobalSection(ProjectConfigurationPlatforms) = postSolution
		{FB0F6AE0-AD2D-4284-8146-C18A0CAC4954}.Debug|Any CPU.ActiveCfg = Debug|Any CPU
		{FB0F6AE0-AD2D-4284-8146-C18A0CAC4954}.Debug|Any CPU.Build.0 = Debug|Any CPU
		{FB0F6AE0-AD2D-4284-8146-C18A0CAC4954}.Release|Any CPU.ActiveCfg = Release|Any CPU
		{FB0F6AE0-AD2D-4284-8146-C18A0CAC4954}.Release|Any CPU.Build.0 = Release|Any CPU
	EndGlobalSection
	GlobalSection(SolutionProperties) = preSolution
		HideSolutionNode = FALSE
	EndGlobalSection
	GlobalSection(ExtensibilityGlobals) = postSolution
		SolutionGuid = {B5C6F49E-11AB-4D32-BA0F-97D5AC00ACC1}
	EndGlobalSection
EndGlobal
