
Microsoft Visual Studio Solution File, Format Version 12.00
# Visual Studio Version 16
VisualStudioVersion = 16.0.31129.286
MinimumVisualStudioVersion = 10.0.40219.1
Project("{FAE04EC0-301F-11D3-BF4B-00C04F79EFBC}") = "URI1073", "URI1073\URI1073.csproj", "{5AA6B727-95F6-48D8-851D-CFC48610A326}"
EndProject
Global
	GlobalSection(SolutionConfigurationPlatforms) = preSolution
		Debug|Any CPU = Debug|Any CPU
		Release|Any CPU = Release|Any CPU
	EndGlobalSection
	GlobalSection(ProjectConfigurationPlatforms) = postSolution
		{5AA6B727-95F6-48D8-851D-CFC48610A326}.Debug|Any CPU.ActiveCfg = Debug|Any CPU
		{5AA6B727-95F6-48D8-851D-CFC48610A326}.Debug|Any CPU.Build.0 = Debug|Any CPU
		{5AA6B727-95F6-48D8-851D-CFC48610A326}.Release|Any CPU.ActiveCfg = Release|Any CPU
		{5AA6B727-95F6-48D8-851D-CFC48610A326}.Release|Any CPU.Build.0 = Release|Any CPU
	EndGlobalSection
	GlobalSection(SolutionProperties) = preSolution
		HideSolutionNode = FALSE
	EndGlobalSection
	GlobalSection(ExtensibilityGlobals) = postSolution
		SolutionGuid = {C920FC38-E9C8-4954-A6AA-BCB4E2B94A66}
	EndGlobalSection
EndGlobal
