
Microsoft Visual Studio Solution File, Format Version 12.00
# Visual Studio Version 17
VisualStudioVersion = 17.0.32112.339
MinimumVisualStudioVersion = 10.0.40219.1
Project("{FAE04EC0-301F-11D3-BF4B-00C04F79EFBC}") = "Ex PA", "Ex PA\Ex PA.csproj", "{C6AC26E5-F4F9-47E1-AC98-8EA0B5C6499B}"
EndProject
Global
	GlobalSection(SolutionConfigurationPlatforms) = preSolution
		Debug|Any CPU = Debug|Any CPU
		Release|Any CPU = Release|Any CPU
	EndGlobalSection
	GlobalSection(ProjectConfigurationPlatforms) = postSolution
		{C6AC26E5-F4F9-47E1-AC98-8EA0B5C6499B}.Debug|Any CPU.ActiveCfg = Debug|Any CPU
		{C6AC26E5-F4F9-47E1-AC98-8EA0B5C6499B}.Debug|Any CPU.Build.0 = Debug|Any CPU
		{C6AC26E5-F4F9-47E1-AC98-8EA0B5C6499B}.Release|Any CPU.ActiveCfg = Release|Any CPU
		{C6AC26E5-F4F9-47E1-AC98-8EA0B5C6499B}.Release|Any CPU.Build.0 = Release|Any CPU
	EndGlobalSection
	GlobalSection(SolutionProperties) = preSolution
		HideSolutionNode = FALSE
	EndGlobalSection
	GlobalSection(ExtensibilityGlobals) = postSolution
		SolutionGuid = {C0B3D1B8-9B36-4E81-A2AD-BEF6539DFF6B}
	EndGlobalSection
EndGlobal
