
Microsoft Visual Studio Solution File, Format Version 12.00
# Visual Studio Version 17
VisualStudioVersion = 17.2.32616.157
MinimumVisualStudioVersion = 10.0.40219.1
Project("{FAE04EC0-301F-11D3-BF4B-00C04F79EFBC}") = "Enumerações", "Enumerações\Enumerações.csproj", "{720222CF-8465-480B-86DB-0DC6993791F1}"
EndProject
Global
	GlobalSection(SolutionConfigurationPlatforms) = preSolution
		Debug|Any CPU = Debug|Any CPU
		Release|Any CPU = Release|Any CPU
	EndGlobalSection
	GlobalSection(ProjectConfigurationPlatforms) = postSolution
		{720222CF-8465-480B-86DB-0DC6993791F1}.Debug|Any CPU.ActiveCfg = Debug|Any CPU
		{720222CF-8465-480B-86DB-0DC6993791F1}.Debug|Any CPU.Build.0 = Debug|Any CPU
		{720222CF-8465-480B-86DB-0DC6993791F1}.Release|Any CPU.ActiveCfg = Release|Any CPU
		{720222CF-8465-480B-86DB-0DC6993791F1}.Release|Any CPU.Build.0 = Release|Any CPU
	EndGlobalSection
	GlobalSection(SolutionProperties) = preSolution
		HideSolutionNode = FALSE
	EndGlobalSection
	GlobalSection(ExtensibilityGlobals) = postSolution
		SolutionGuid = {198D9FB5-A645-484B-B220-550C49EE8869}
	EndGlobalSection
EndGlobal
