
Microsoft Visual Studio Solution File, Format Version 12.00
# Visual Studio Version 17
VisualStudioVersion = 17.2.32616.157
MinimumVisualStudioVersion = 10.0.40219.1
Project("{FAE04EC0-301F-11D3-BF4B-00C04F79EFBC}") = "Extension Methods ex 2", "Extension Methods ex 2\Extension Methods ex 2.csproj", "{ACE82CAC-379B-4157-9E6C-DC1CA1EE38BF}"
EndProject
Global
	GlobalSection(SolutionConfigurationPlatforms) = preSolution
		Debug|Any CPU = Debug|Any CPU
		Release|Any CPU = Release|Any CPU
	EndGlobalSection
	GlobalSection(ProjectConfigurationPlatforms) = postSolution
		{ACE82CAC-379B-4157-9E6C-DC1CA1EE38BF}.Debug|Any CPU.ActiveCfg = Debug|Any CPU
		{ACE82CAC-379B-4157-9E6C-DC1CA1EE38BF}.Debug|Any CPU.Build.0 = Debug|Any CPU
		{ACE82CAC-379B-4157-9E6C-DC1CA1EE38BF}.Release|Any CPU.ActiveCfg = Release|Any CPU
		{ACE82CAC-379B-4157-9E6C-DC1CA1EE38BF}.Release|Any CPU.Build.0 = Release|Any CPU
	EndGlobalSection
	GlobalSection(SolutionProperties) = preSolution
		HideSolutionNode = FALSE
	EndGlobalSection
	GlobalSection(ExtensibilityGlobals) = postSolution
		SolutionGuid = {531BC9CD-EC84-4054-98C3-07A2314FF27C}
	EndGlobalSection
EndGlobal
