
Microsoft Visual Studio Solution File, Format Version 12.00
# Visual Studio Version 17
VisualStudioVersion = 17.2.32616.157
MinimumVisualStudioVersion = 10.0.40219.1
Project("{FAE04EC0-301F-11D3-BF4B-00C04F79EFBC}") = "File, FileInfo, IOEXception", "File, FileInfo, IOEXception\File, FileInfo, IOEXception.csproj", "{43E8037F-E73B-4CD7-92DC-6FB507A8129A}"
EndProject
Global
	GlobalSection(SolutionConfigurationPlatforms) = preSolution
		Debug|Any CPU = Debug|Any CPU
		Release|Any CPU = Release|Any CPU
	EndGlobalSection
	GlobalSection(ProjectConfigurationPlatforms) = postSolution
		{43E8037F-E73B-4CD7-92DC-6FB507A8129A}.Debug|Any CPU.ActiveCfg = Debug|Any CPU
		{43E8037F-E73B-4CD7-92DC-6FB507A8129A}.Debug|Any CPU.Build.0 = Debug|Any CPU
		{43E8037F-E73B-4CD7-92DC-6FB507A8129A}.Release|Any CPU.ActiveCfg = Release|Any CPU
		{43E8037F-E73B-4CD7-92DC-6FB507A8129A}.Release|Any CPU.Build.0 = Release|Any CPU
	EndGlobalSection
	GlobalSection(SolutionProperties) = preSolution
		HideSolutionNode = FALSE
	EndGlobalSection
	GlobalSection(ExtensibilityGlobals) = postSolution
		SolutionGuid = {BA3B076F-0E00-4FD6-AFE3-C7A0535C6A59}
	EndGlobalSection
EndGlobal
