
Microsoft Visual Studio Solution File, Format Version 12.00
# Visual Studio Version 17
VisualStudioVersion = 17.2.32519.379
MinimumVisualStudioVersion = 10.0.40219.1
Project("{FAE04EC0-301F-11D3-BF4B-00C04F79EFBC}") = "Operadores Lógicos", "Operadores Lógicos\Operadores Lógicos.csproj", "{08B175CC-C8E8-41BB-89CB-C5FF7BFD1E18}"
EndProject
Global
	GlobalSection(SolutionConfigurationPlatforms) = preSolution
		Debug|Any CPU = Debug|Any CPU
		Release|Any CPU = Release|Any CPU
	EndGlobalSection
	GlobalSection(ProjectConfigurationPlatforms) = postSolution
		{08B175CC-C8E8-41BB-89CB-C5FF7BFD1E18}.Debug|Any CPU.ActiveCfg = Debug|Any CPU
		{08B175CC-C8E8-41BB-89CB-C5FF7BFD1E18}.Debug|Any CPU.Build.0 = Debug|Any CPU
		{08B175CC-C8E8-41BB-89CB-C5FF7BFD1E18}.Release|Any CPU.ActiveCfg = Release|Any CPU
		{08B175CC-C8E8-41BB-89CB-C5FF7BFD1E18}.Release|Any CPU.Build.0 = Release|Any CPU
	EndGlobalSection
	GlobalSection(SolutionProperties) = preSolution
		HideSolutionNode = FALSE
	EndGlobalSection
	GlobalSection(ExtensibilityGlobals) = postSolution
		SolutionGuid = {C7DE7EF2-DD11-49B2-A85C-5DD11F4CF06F}
	EndGlobalSection
EndGlobal
