
Microsoft Visual Studio Solution File, Format Version 12.00
# Visual Studio Version 17
VisualStudioVersion = 17.2.32616.157
MinimumVisualStudioVersion = 10.0.40219.1
Project("{FAE04EC0-301F-11D3-BF4B-00C04F79EFBC}") = "Datetime", "Datetime\Datetime.csproj", "{BA01FBA0-17BE-4754-A576-EC8477C13174}"
EndProject
Global
	GlobalSection(SolutionConfigurationPlatforms) = preSolution
		Debug|Any CPU = Debug|Any CPU
		Release|Any CPU = Release|Any CPU
	EndGlobalSection
	GlobalSection(ProjectConfigurationPlatforms) = postSolution
		{BA01FBA0-17BE-4754-A576-EC8477C13174}.Debug|Any CPU.ActiveCfg = Debug|Any CPU
		{BA01FBA0-17BE-4754-A576-EC8477C13174}.Debug|Any CPU.Build.0 = Debug|Any CPU
		{BA01FBA0-17BE-4754-A576-EC8477C13174}.Release|Any CPU.ActiveCfg = Release|Any CPU
		{BA01FBA0-17BE-4754-A576-EC8477C13174}.Release|Any CPU.Build.0 = Release|Any CPU
	EndGlobalSection
	GlobalSection(SolutionProperties) = preSolution
		HideSolutionNode = FALSE
	EndGlobalSection
	GlobalSection(ExtensibilityGlobals) = postSolution
		SolutionGuid = {78C60F44-264F-43A2-8CA6-D1ADCE041E7D}
	EndGlobalSection
EndGlobal
