
Microsoft Visual Studio Solution File, Format Version 12.00
# Visual Studio Version 16
VisualStudioVersion = 16.0.31129.286
MinimumVisualStudioVersion = 10.0.40219.1
Project("{FAE04EC0-301F-11D3-BF4B-00C04F79EFBC}") = "ConsoleApp5", "ConsoleApp5\ConsoleApp5.csproj", "{6F20F61D-2AA6-4392-9ADF-E702030E07B7}"
EndProject
Global
	GlobalSection(SolutionConfigurationPlatforms) = preSolution
		Debug|Any CPU = Debug|Any CPU
		Release|Any CPU = Release|Any CPU
	EndGlobalSection
	GlobalSection(ProjectConfigurationPlatforms) = postSolution
		{6F20F61D-2AA6-4392-9ADF-E702030E07B7}.Debug|Any CPU.ActiveCfg = Debug|Any CPU
		{6F20F61D-2AA6-4392-9ADF-E702030E07B7}.Debug|Any CPU.Build.0 = Debug|Any CPU
		{6F20F61D-2AA6-4392-9ADF-E702030E07B7}.Release|Any CPU.ActiveCfg = Release|Any CPU
		{6F20F61D-2AA6-4392-9ADF-E702030E07B7}.Release|Any CPU.Build.0 = Release|Any CPU
	EndGlobalSection
	GlobalSection(SolutionProperties) = preSolution
		HideSolutionNode = FALSE
	EndGlobalSection
	GlobalSection(ExtensibilityGlobals) = postSolution
		SolutionGuid = {8EF51379-7320-477B-B439-33A58481CF0E}
	EndGlobalSection
EndGlobal
