
Microsoft Visual Studio Solution File, Format Version 12.00
# Visual Studio Version 16
VisualStudioVersion = 16.0.31129.286
MinimumVisualStudioVersion = 10.0.40219.1
Project("{FAE04EC0-301F-11D3-BF4B-00C04F79EFBC}") = "Triangulo ex", "Triangulo ex\Triangulo ex.csproj", "{16448A1C-C077-45AD-A493-4509CA99FE0F}"
EndProject
Global
	GlobalSection(SolutionConfigurationPlatforms) = preSolution
		Debug|Any CPU = Debug|Any CPU
		Release|Any CPU = Release|Any CPU
	EndGlobalSection
	GlobalSection(ProjectConfigurationPlatforms) = postSolution
		{16448A1C-C077-45AD-A493-4509CA99FE0F}.Debug|Any CPU.ActiveCfg = Debug|Any CPU
		{16448A1C-C077-45AD-A493-4509CA99FE0F}.Debug|Any CPU.Build.0 = Debug|Any CPU
		{16448A1C-C077-45AD-A493-4509CA99FE0F}.Release|Any CPU.ActiveCfg = Release|Any CPU
		{16448A1C-C077-45AD-A493-4509CA99FE0F}.Release|Any CPU.Build.0 = Release|Any CPU
	EndGlobalSection
	GlobalSection(SolutionProperties) = preSolution
		HideSolutionNode = FALSE
	EndGlobalSection
	GlobalSection(ExtensibilityGlobals) = postSolution
		SolutionGuid = {8427DDEA-6F52-440C-9A71-112765257BB6}
	EndGlobalSection
EndGlobal
