
Microsoft Visual Studio Solution File, Format Version 12.00
# Visual Studio Version 16
VisualStudioVersion = 16.0.31129.286
MinimumVisualStudioVersion = 10.0.40219.1
Project("{FAE04EC0-301F-11D3-BF4B-00C04F79EFBC}") = "URI1072", "URI1072\URI1072.csproj", "{3ABCD0FE-F204-44E0-867A-64B1F0950617}"
EndProject
Global
	GlobalSection(SolutionConfigurationPlatforms) = preSolution
		Debug|Any CPU = Debug|Any CPU
		Release|Any CPU = Release|Any CPU
	EndGlobalSection
	GlobalSection(ProjectConfigurationPlatforms) = postSolution
		{3ABCD0FE-F204-44E0-867A-64B1F0950617}.Debug|Any CPU.ActiveCfg = Debug|Any CPU
		{3ABCD0FE-F204-44E0-867A-64B1F0950617}.Debug|Any CPU.Build.0 = Debug|Any CPU
		{3ABCD0FE-F204-44E0-867A-64B1F0950617}.Release|Any CPU.ActiveCfg = Release|Any CPU
		{3ABCD0FE-F204-44E0-867A-64B1F0950617}.Release|Any CPU.Build.0 = Release|Any CPU
	EndGlobalSection
	GlobalSection(SolutionProperties) = preSolution
		HideSolutionNode = FALSE
	EndGlobalSection
	GlobalSection(ExtensibilityGlobals) = postSolution
		SolutionGuid = {0D55FE24-D344-4A1D-9CFD-2D4486F3FC7E}
	EndGlobalSection
EndGlobal
