
Microsoft Visual Studio Solution File, Format Version 12.00
# Visual Studio Version 17
VisualStudioVersion = 17.2.32616.157
MinimumVisualStudioVersion = 10.0.40219.1
Project("{FAE04EC0-301F-11D3-BF4B-00C04F79EFBC}") = "Funções interessantes", "Funções interessantes\Funções interessantes.csproj", "{64A22912-94CD-43BE-A5D8-EBB7A8822BFB}"
EndProject
Global
	GlobalSection(SolutionConfigurationPlatforms) = preSolution
		Debug|Any CPU = Debug|Any CPU
		Release|Any CPU = Release|Any CPU
	EndGlobalSection
	GlobalSection(ProjectConfigurationPlatforms) = postSolution
		{64A22912-94CD-43BE-A5D8-EBB7A8822BFB}.Debug|Any CPU.ActiveCfg = Debug|Any CPU
		{64A22912-94CD-43BE-A5D8-EBB7A8822BFB}.Debug|Any CPU.Build.0 = Debug|Any CPU
		{64A22912-94CD-43BE-A5D8-EBB7A8822BFB}.Release|Any CPU.ActiveCfg = Release|Any CPU
		{64A22912-94CD-43BE-A5D8-EBB7A8822BFB}.Release|Any CPU.Build.0 = Release|Any CPU
	EndGlobalSection
	GlobalSection(SolutionProperties) = preSolution
		HideSolutionNode = FALSE
	EndGlobalSection
	GlobalSection(ExtensibilityGlobals) = postSolution
		SolutionGuid = {48930C81-3185-4D29-9433-E2C559A449C6}
	EndGlobalSection
EndGlobal
