
Microsoft Visual Studio Solution File, Format Version 12.00
# Visual Studio Version 16
VisualStudioVersion = 16.0.32602.291
MinimumVisualStudioVersion = 10.0.40219.1
Project("{FAE04EC0-301F-11D3-BF4B-00C04F79EFBC}") = "EX 03", "EX 03\EX 03.csproj", "{BE89FB27-A371-481D-8CE2-64C30650FBB8}"
EndProject
Global
	GlobalSection(SolutionConfigurationPlatforms) = preSolution
		Debug|Any CPU = Debug|Any CPU
		Release|Any CPU = Release|Any CPU
	EndGlobalSection
	GlobalSection(ProjectConfigurationPlatforms) = postSolution
		{BE89FB27-A371-481D-8CE2-64C30650FBB8}.Debug|Any CPU.ActiveCfg = Debug|Any CPU
		{BE89FB27-A371-481D-8CE2-64C30650FBB8}.Debug|Any CPU.Build.0 = Debug|Any CPU
		{BE89FB27-A371-481D-8CE2-64C30650FBB8}.Release|Any CPU.ActiveCfg = Release|Any CPU
		{BE89FB27-A371-481D-8CE2-64C30650FBB8}.Release|Any CPU.Build.0 = Release|Any CPU
	EndGlobalSection
	GlobalSection(SolutionProperties) = preSolution
		HideSolutionNode = FALSE
	EndGlobalSection
	GlobalSection(ExtensibilityGlobals) = postSolution
		SolutionGuid = {1BE38381-EF4A-46AA-BA39-D5BB55225678}
	EndGlobalSection
EndGlobal
