
Microsoft Visual Studio Solution File, Format Version 12.00
# Visual Studio Version 16
VisualStudioVersion = 16.0.31129.286
MinimumVisualStudioVersion = 10.0.40219.1
Project("{FAE04EC0-301F-11D3-BF4B-00C04F79EFBC}") = "URI1115", "URI1115\URI1115.csproj", "{35F825B9-33C0-401C-8EDB-8FF28CC9DA98}"
EndProject
Global
	GlobalSection(SolutionConfigurationPlatforms) = preSolution
		Debug|Any CPU = Debug|Any CPU
		Release|Any CPU = Release|Any CPU
	EndGlobalSection
	GlobalSection(ProjectConfigurationPlatforms) = postSolution
		{35F825B9-33C0-401C-8EDB-8FF28CC9DA98}.Debug|Any CPU.ActiveCfg = Debug|Any CPU
		{35F825B9-33C0-401C-8EDB-8FF28CC9DA98}.Debug|Any CPU.Build.0 = Debug|Any CPU
		{35F825B9-33C0-401C-8EDB-8FF28CC9DA98}.Release|Any CPU.ActiveCfg = Release|Any CPU
		{35F825B9-33C0-401C-8EDB-8FF28CC9DA98}.Release|Any CPU.Build.0 = Release|Any CPU
	EndGlobalSection
	GlobalSection(SolutionProperties) = preSolution
		HideSolutionNode = FALSE
	EndGlobalSection
	GlobalSection(ExtensibilityGlobals) = postSolution
		SolutionGuid = {318C5896-56BC-4F41-92BC-2B2488AF1642}
	EndGlobalSection
EndGlobal
