
Microsoft Visual Studio Solution File, Format Version 12.00
# Visual Studio Version 16
VisualStudioVersion = 16.0.31129.286
MinimumVisualStudioVersion = 10.0.40219.1
Project("{FAE04EC0-301F-11D3-BF4B-00C04F79EFBC}") = "Trabalho", "Trabalho\Trabalho.csproj", "{C3F1CC71-ABC0-4889-B995-BDF05857220B}"
EndProject
Global
	GlobalSection(SolutionConfigurationPlatforms) = preSolution
		Debug|Any CPU = Debug|Any CPU
		Release|Any CPU = Release|Any CPU
	EndGlobalSection
	GlobalSection(ProjectConfigurationPlatforms) = postSolution
		{C3F1CC71-ABC0-4889-B995-BDF05857220B}.Debug|Any CPU.ActiveCfg = Debug|Any CPU
		{C3F1CC71-ABC0-4889-B995-BDF05857220B}.Debug|Any CPU.Build.0 = Debug|Any CPU
		{C3F1CC71-ABC0-4889-B995-BDF05857220B}.Release|Any CPU.ActiveCfg = Release|Any CPU
		{C3F1CC71-ABC0-4889-B995-BDF05857220B}.Release|Any CPU.Build.0 = Release|Any CPU
	EndGlobalSection
	GlobalSection(SolutionProperties) = preSolution
		HideSolutionNode = FALSE
	EndGlobalSection
	GlobalSection(ExtensibilityGlobals) = postSolution
		SolutionGuid = {BD58939C-373F-4A79-A888-FDD542E4D652}
	EndGlobalSection
EndGlobal
