
Microsoft Visual Studio Solution File, Format Version 12.00
# Visual Studio Version 17
VisualStudioVersion = 17.2.32616.157
MinimumVisualStudioVersion = 10.0.40219.1
Project("{FAE04EC0-301F-11D3-BF4B-00C04F79EFBC}") = "Propiedades com Timespan", "Propiedades com Timespan\Propiedades com Timespan.csproj", "{A2F120D3-A4E0-48CB-BEB3-FD3C8FDE8E60}"
EndProject
Global
	GlobalSection(SolutionConfigurationPlatforms) = preSolution
		Debug|Any CPU = Debug|Any CPU
		Release|Any CPU = Release|Any CPU
	EndGlobalSection
	GlobalSection(ProjectConfigurationPlatforms) = postSolution
		{A2F120D3-A4E0-48CB-BEB3-FD3C8FDE8E60}.Debug|Any CPU.ActiveCfg = Debug|Any CPU
		{A2F120D3-A4E0-48CB-BEB3-FD3C8FDE8E60}.Debug|Any CPU.Build.0 = Debug|Any CPU
		{A2F120D3-A4E0-48CB-BEB3-FD3C8FDE8E60}.Release|Any CPU.ActiveCfg = Release|Any CPU
		{A2F120D3-A4E0-48CB-BEB3-FD3C8FDE8E60}.Release|Any CPU.Build.0 = Release|Any CPU
	EndGlobalSection
	GlobalSection(SolutionProperties) = preSolution
		HideSolutionNode = FALSE
	EndGlobalSection
	GlobalSection(ExtensibilityGlobals) = postSolution
		SolutionGuid = {12ADA9F2-BF05-40F8-A371-CF3F9C0087E3}
	EndGlobalSection
EndGlobal
