
Microsoft Visual Studio Solution File, Format Version 12.00
# Visual Studio Version 16
VisualStudioVersion = 16.0.31129.286
MinimumVisualStudioVersion = 10.0.40219.1
Project("{FAE04EC0-301F-11D3-BF4B-00C04F79EFBC}") = "ConsoleApp10", "ConsoleApp10\ConsoleApp10.csproj", "{5C6D5023-00F4-4251-BC9D-61884F8FCD90}"
EndProject
Global
	GlobalSection(SolutionConfigurationPlatforms) = preSolution
		Debug|Any CPU = Debug|Any CPU
		Release|Any CPU = Release|Any CPU
	EndGlobalSection
	GlobalSection(ProjectConfigurationPlatforms) = postSolution
		{5C6D5023-00F4-4251-BC9D-61884F8FCD90}.Debug|Any CPU.ActiveCfg = Debug|Any CPU
		{5C6D5023-00F4-4251-BC9D-61884F8FCD90}.Debug|Any CPU.Build.0 = Debug|Any CPU
		{5C6D5023-00F4-4251-BC9D-61884F8FCD90}.Release|Any CPU.ActiveCfg = Release|Any CPU
		{5C6D5023-00F4-4251-BC9D-61884F8FCD90}.Release|Any CPU.Build.0 = Release|Any CPU
	EndGlobalSection
	GlobalSection(SolutionProperties) = preSolution
		HideSolutionNode = FALSE
	EndGlobalSection
	GlobalSection(ExtensibilityGlobals) = postSolution
		SolutionGuid = {497E9A70-B85A-4C06-8E0E-084A008EFF1B}
	EndGlobalSection
EndGlobal
