
Microsoft Visual Studio Solution File, Format Version 12.00
# Visual Studio Version 17
VisualStudioVersion = 17.2.32616.157
MinimumVisualStudioVersion = 10.0.40219.1
Project("{FAE04EC0-301F-11D3-BF4B-00C04F79EFBC}") = "TimeSpan", "TimeSpan\TimeSpan.csproj", "{AD51EE63-4439-4186-B64D-9D21687C1AA6}"
EndProject
Global
	GlobalSection(SolutionConfigurationPlatforms) = preSolution
		Debug|Any CPU = Debug|Any CPU
		Release|Any CPU = Release|Any CPU
	EndGlobalSection
	GlobalSection(ProjectConfigurationPlatforms) = postSolution
		{AD51EE63-4439-4186-B64D-9D21687C1AA6}.Debug|Any CPU.ActiveCfg = Debug|Any CPU
		{AD51EE63-4439-4186-B64D-9D21687C1AA6}.Debug|Any CPU.Build.0 = Debug|Any CPU
		{AD51EE63-4439-4186-B64D-9D21687C1AA6}.Release|Any CPU.ActiveCfg = Release|Any CPU
		{AD51EE63-4439-4186-B64D-9D21687C1AA6}.Release|Any CPU.Build.0 = Release|Any CPU
	EndGlobalSection
	GlobalSection(SolutionProperties) = preSolution
		HideSolutionNode = FALSE
	EndGlobalSection
	GlobalSection(ExtensibilityGlobals) = postSolution
		SolutionGuid = {AF339A6F-B888-44EC-9403-DD39E603C946}
	EndGlobalSection
EndGlobal
