
Microsoft Visual Studio Solution File, Format Version 12.00
# Visual Studio Version 17
VisualStudioVersion = 17.0.32014.148
MinimumVisualStudioVersion = 10.0.40219.1
Project("{FAE04EC0-301F-11D3-BF4B-00C04F79EFBC}") = "EX 3", "EX 3\EX 3.csproj", "{45686C68-AA07-4CDF-B227-E9D8D09B59D8}"
EndProject
Global
	GlobalSection(SolutionConfigurationPlatforms) = preSolution
		Debug|Any CPU = Debug|Any CPU
		Release|Any CPU = Release|Any CPU
	EndGlobalSection
	GlobalSection(ProjectConfigurationPlatforms) = postSolution
		{45686C68-AA07-4CDF-B227-E9D8D09B59D8}.Debug|Any CPU.ActiveCfg = Debug|Any CPU
		{45686C68-AA07-4CDF-B227-E9D8D09B59D8}.Debug|Any CPU.Build.0 = Debug|Any CPU
		{45686C68-AA07-4CDF-B227-E9D8D09B59D8}.Release|Any CPU.ActiveCfg = Release|Any CPU
		{45686C68-AA07-4CDF-B227-E9D8D09B59D8}.Release|Any CPU.Build.0 = Release|Any CPU
	EndGlobalSection
	GlobalSection(SolutionProperties) = preSolution
		HideSolutionNode = FALSE
	EndGlobalSection
	GlobalSection(ExtensibilityGlobals) = postSolution
		SolutionGuid = {0BF2CBCC-640D-4D21-8589-38DBC470ED70}
	EndGlobalSection
EndGlobal
