
Microsoft Visual Studio Solution File, Format Version 12.00
# Visual Studio Version 17
VisualStudioVersion = 17.2.32519.379
MinimumVisualStudioVersion = 10.0.40219.1
Project("{FAE04EC0-301F-11D3-BF4B-00C04F79EFBC}") = "Classe", "Classe\Classe.csproj", "{6BF1D062-BDDA-46AB-81C5-11A14CFB09A7}"
EndProject
Global
	GlobalSection(SolutionConfigurationPlatforms) = preSolution
		Debug|Any CPU = Debug|Any CPU
		Release|Any CPU = Release|Any CPU
	EndGlobalSection
	GlobalSection(ProjectConfigurationPlatforms) = postSolution
		{6BF1D062-BDDA-46AB-81C5-11A14CFB09A7}.Debug|Any CPU.ActiveCfg = Debug|Any CPU
		{6BF1D062-BDDA-46AB-81C5-11A14CFB09A7}.Debug|Any CPU.Build.0 = Debug|Any CPU
		{6BF1D062-BDDA-46AB-81C5-11A14CFB09A7}.Release|Any CPU.ActiveCfg = Release|Any CPU
		{6BF1D062-BDDA-46AB-81C5-11A14CFB09A7}.Release|Any CPU.Build.0 = Release|Any CPU
	EndGlobalSection
	GlobalSection(SolutionProperties) = preSolution
		HideSolutionNode = FALSE
	EndGlobalSection
	GlobalSection(ExtensibilityGlobals) = postSolution
		SolutionGuid = {4DFE180E-E85F-48EA-881F-206522AC892C}
	EndGlobalSection
EndGlobal
