
Microsoft Visual Studio Solution File, Format Version 12.00
# Visual Studio Version 16
VisualStudioVersion = 16.0.31129.286
MinimumVisualStudioVersion = 10.0.40219.1
Project("{FAE04EC0-301F-11D3-BF4B-00C04F79EFBC}") = "URI 1046", "URI 1046\URI 1046.csproj", "{3464AE68-CF6E-4096-867D-957CF86E3480}"
EndProject
Global
	GlobalSection(SolutionConfigurationPlatforms) = preSolution
		Debug|Any CPU = Debug|Any CPU
		Release|Any CPU = Release|Any CPU
	EndGlobalSection
	GlobalSection(ProjectConfigurationPlatforms) = postSolution
		{3464AE68-CF6E-4096-867D-957CF86E3480}.Debug|Any CPU.ActiveCfg = Debug|Any CPU
		{3464AE68-CF6E-4096-867D-957CF86E3480}.Debug|Any CPU.Build.0 = Debug|Any CPU
		{3464AE68-CF6E-4096-867D-957CF86E3480}.Release|Any CPU.ActiveCfg = Release|Any CPU
		{3464AE68-CF6E-4096-867D-957CF86E3480}.Release|Any CPU.Build.0 = Release|Any CPU
	EndGlobalSection
	GlobalSection(SolutionProperties) = preSolution
		HideSolutionNode = FALSE
	EndGlobalSection
	GlobalSection(ExtensibilityGlobals) = postSolution
		SolutionGuid = {5BE3EC8A-D390-4F48-B4EA-F069D7A3FBDC}
	EndGlobalSection
EndGlobal
