
Microsoft Visual Studio Solution File, Format Version 12.00
# Visual Studio Version 17
VisualStudioVersion = 17.0.32014.148
MinimumVisualStudioVersion = 10.0.40219.1
Project("{FAE04EC0-301F-11D3-BF4B-00C04F79EFBC}") = "EX 2c", "EX 2c\EX 2c.csproj", "{27E36E6E-D31B-45C5-A97D-B1C248D520C8}"
EndProject
Global
	GlobalSection(SolutionConfigurationPlatforms) = preSolution
		Debug|Any CPU = Debug|Any CPU
		Release|Any CPU = Release|Any CPU
	EndGlobalSection
	GlobalSection(ProjectConfigurationPlatforms) = postSolution
		{27E36E6E-D31B-45C5-A97D-B1C248D520C8}.Debug|Any CPU.ActiveCfg = Debug|Any CPU
		{27E36E6E-D31B-45C5-A97D-B1C248D520C8}.Debug|Any CPU.Build.0 = Debug|Any CPU
		{27E36E6E-D31B-45C5-A97D-B1C248D520C8}.Release|Any CPU.ActiveCfg = Release|Any CPU
		{27E36E6E-D31B-45C5-A97D-B1C248D520C8}.Release|Any CPU.Build.0 = Release|Any CPU
	EndGlobalSection
	GlobalSection(SolutionProperties) = preSolution
		HideSolutionNode = FALSE
	EndGlobalSection
	GlobalSection(ExtensibilityGlobals) = postSolution
		SolutionGuid = {856D7AC3-5594-441C-91F1-A83554298B95}
	EndGlobalSection
EndGlobal
