
Microsoft Visual Studio Solution File, Format Version 12.00
# Visual Studio Version 17
VisualStudioVersion = 17.2.32616.157
MinimumVisualStudioVersion = 10.0.40219.1
Project("{FAE04EC0-301F-11D3-BF4B-00C04F79EFBC}") = "Exercicio Resolvido 01", "Exercicio Resolvido 01\Exercicio Resolvido 01.csproj", "{A30DD85B-7AA0-4635-BDA0-40702F88B956}"
EndProject
Global
	GlobalSection(SolutionConfigurationPlatforms) = preSolution
		Debug|Any CPU = Debug|Any CPU
		Release|Any CPU = Release|Any CPU
	EndGlobalSection
	GlobalSection(ProjectConfigurationPlatforms) = postSolution
		{A30DD85B-7AA0-4635-BDA0-40702F88B956}.Debug|Any CPU.ActiveCfg = Debug|Any CPU
		{A30DD85B-7AA0-4635-BDA0-40702F88B956}.Debug|Any CPU.Build.0 = Debug|Any CPU
		{A30DD85B-7AA0-4635-BDA0-40702F88B956}.Release|Any CPU.ActiveCfg = Release|Any CPU
		{A30DD85B-7AA0-4635-BDA0-40702F88B956}.Release|Any CPU.Build.0 = Release|Any CPU
	EndGlobalSection
	GlobalSection(SolutionProperties) = preSolution
		HideSolutionNode = FALSE
	EndGlobalSection
	GlobalSection(ExtensibilityGlobals) = postSolution
		SolutionGuid = {2CD0C6C2-9458-4F8A-8DB8-EED2DF6E5E1F}
	EndGlobalSection
EndGlobal
