
Microsoft Visual Studio Solution File, Format Version 12.00
# Visual Studio Version 16
VisualStudioVersion = 16.0.31129.286
MinimumVisualStudioVersion = 10.0.40219.1
Project("{FAE04EC0-301F-11D3-BF4B-00C04F79EFBC}") = "WHILE EX 1", "WHILE EX 1\WHILE EX 1.csproj", "{6F68023E-3D61-4908-AA52-A6E8401D1414}"
EndProject
Global
	GlobalSection(SolutionConfigurationPlatforms) = preSolution
		Debug|Any CPU = Debug|Any CPU
		Release|Any CPU = Release|Any CPU
	EndGlobalSection
	GlobalSection(ProjectConfigurationPlatforms) = postSolution
		{6F68023E-3D61-4908-AA52-A6E8401D1414}.Debug|Any CPU.ActiveCfg = Debug|Any CPU
		{6F68023E-3D61-4908-AA52-A6E8401D1414}.Debug|Any CPU.Build.0 = Debug|Any CPU
		{6F68023E-3D61-4908-AA52-A6E8401D1414}.Release|Any CPU.ActiveCfg = Release|Any CPU
		{6F68023E-3D61-4908-AA52-A6E8401D1414}.Release|Any CPU.Build.0 = Release|Any CPU
	EndGlobalSection
	GlobalSection(SolutionProperties) = preSolution
		HideSolutionNode = FALSE
	EndGlobalSection
	GlobalSection(ExtensibilityGlobals) = postSolution
		SolutionGuid = {FE77C9A5-0FB5-480D-9BAF-DE6F9EE9656C}
	EndGlobalSection
EndGlobal
