
Microsoft Visual Studio Solution File, Format Version 12.00
# Visual Studio Version 16
VisualStudioVersion = 16.0.31129.286
MinimumVisualStudioVersion = 10.0.40219.1
Project("{FAE04EC0-301F-11D3-BF4B-00C04F79EFBC}") = "Exercicio demonstração Matrizes", "Exercicio demonstração Matrizes\Exercicio demonstração Matrizes.csproj", "{F344C56E-BAB1-4E43-A6AA-E3323438B328}"
EndProject
Global
	GlobalSection(SolutionConfigurationPlatforms) = preSolution
		Debug|Any CPU = Debug|Any CPU
		Release|Any CPU = Release|Any CPU
	EndGlobalSection
	GlobalSection(ProjectConfigurationPlatforms) = postSolution
		{F344C56E-BAB1-4E43-A6AA-E3323438B328}.Debug|Any CPU.ActiveCfg = Debug|Any CPU
		{F344C56E-BAB1-4E43-A6AA-E3323438B328}.Debug|Any CPU.Build.0 = Debug|Any CPU
		{F344C56E-BAB1-4E43-A6AA-E3323438B328}.Release|Any CPU.ActiveCfg = Release|Any CPU
		{F344C56E-BAB1-4E43-A6AA-E3323438B328}.Release|Any CPU.Build.0 = Release|Any CPU
	EndGlobalSection
	GlobalSection(SolutionProperties) = preSolution
		HideSolutionNode = FALSE
	EndGlobalSection
	GlobalSection(ExtensibilityGlobals) = postSolution
		SolutionGuid = {63E1BA09-9A41-4902-BAE9-5ABE6893B05F}
	EndGlobalSection
EndGlobal
