
Microsoft Visual Studio Solution File, Format Version 12.00
# Visual Studio Version 16
VisualStudioVersion = 16.0.31129.286
MinimumVisualStudioVersion = 10.0.40219.1
Project("{FAE04EC0-301F-11D3-BF4B-00C04F79EFBC}") = "ConsoleApp3", "ConsoleApp3\ConsoleApp3.csproj", "{4C9D3B30-A099-486F-BCD7-E00F3B9E9B78}"
EndProject
Global
	GlobalSection(SolutionConfigurationPlatforms) = preSolution
		Debug|Any CPU = Debug|Any CPU
		Release|Any CPU = Release|Any CPU
	EndGlobalSection
	GlobalSection(ProjectConfigurationPlatforms) = postSolution
		{4C9D3B30-A099-486F-BCD7-E00F3B9E9B78}.Debug|Any CPU.ActiveCfg = Debug|Any CPU
		{4C9D3B30-A099-486F-BCD7-E00F3B9E9B78}.Debug|Any CPU.Build.0 = Debug|Any CPU
		{4C9D3B30-A099-486F-BCD7-E00F3B9E9B78}.Release|Any CPU.ActiveCfg = Release|Any CPU
		{4C9D3B30-A099-486F-BCD7-E00F3B9E9B78}.Release|Any CPU.Build.0 = Release|Any CPU
	EndGlobalSection
	GlobalSection(SolutionProperties) = preSolution
		HideSolutionNode = FALSE
	EndGlobalSection
	GlobalSection(ExtensibilityGlobals) = postSolution
		SolutionGuid = {B31C914A-8B61-4997-9C80-B6C1ACB4C5D9}
	EndGlobalSection
EndGlobal
