
Microsoft Visual Studio Solution File, Format Version 12.00
# Visual Studio Version 17
VisualStudioVersion = 17.2.32616.157
MinimumVisualStudioVersion = 10.0.40219.1
Project("{9A19103F-16F7-4668-BE54-9A1E7A4F7556}") = "API NET", "API NET\API NET.csproj", "{C2657A4F-4631-46C6-92FF-0BA5AD895A81}"
EndProject
Global
	GlobalSection(SolutionConfigurationPlatforms) = preSolution
		Debug|Any CPU = Debug|Any CPU
		Release|Any CPU = Release|Any CPU
	EndGlobalSection
	GlobalSection(ProjectConfigurationPlatforms) = postSolution
		{C2657A4F-4631-46C6-92FF-0BA5AD895A81}.Debug|Any CPU.ActiveCfg = Debug|Any CPU
		{C2657A4F-4631-46C6-92FF-0BA5AD895A81}.Debug|Any CPU.Build.0 = Debug|Any CPU
		{C2657A4F-4631-46C6-92FF-0BA5AD895A81}.Release|Any CPU.ActiveCfg = Release|Any CPU
		{C2657A4F-4631-46C6-92FF-0BA5AD895A81}.Release|Any CPU.Build.0 = Release|Any CPU
	EndGlobalSection
	GlobalSection(SolutionProperties) = preSolution
		HideSolutionNode = FALSE
	EndGlobalSection
	GlobalSection(ExtensibilityGlobals) = postSolution
		SolutionGuid = {0CBAABFA-7CB6-4C82-8576-16B1237DA373}
	EndGlobalSection
EndGlobal
