
Microsoft Visual Studio Solution File, Format Version 12.00
# Visual Studio Version 17
VisualStudioVersion = 17.2.32616.157
MinimumVisualStudioVersion = 10.0.40219.1
Project("{FAE04EC0-301F-11D3-BF4B-00C04F79EFBC}") = "Comparison", "Comparison\Comparison.csproj", "{C2ABAD0A-37EE-4AA3-9DF2-6303C6D8902E}"
EndProject
Global
	GlobalSection(SolutionConfigurationPlatforms) = preSolution
		Debug|Any CPU = Debug|Any CPU
		Release|Any CPU = Release|Any CPU
	EndGlobalSection
	GlobalSection(ProjectConfigurationPlatforms) = postSolution
		{C2ABAD0A-37EE-4AA3-9DF2-6303C6D8902E}.Debug|Any CPU.ActiveCfg = Debug|Any CPU
		{C2ABAD0A-37EE-4AA3-9DF2-6303C6D8902E}.Debug|Any CPU.Build.0 = Debug|Any CPU
		{C2ABAD0A-37EE-4AA3-9DF2-6303C6D8902E}.Release|Any CPU.ActiveCfg = Release|Any CPU
		{C2ABAD0A-37EE-4AA3-9DF2-6303C6D8902E}.Release|Any CPU.Build.0 = Release|Any CPU
	EndGlobalSection
	GlobalSection(SolutionProperties) = preSolution
		HideSolutionNode = FALSE
	EndGlobalSection
	GlobalSection(ExtensibilityGlobals) = postSolution
		SolutionGuid = {9D70650A-06CC-4B20-8BB1-2D72E61E27E2}
	EndGlobalSection
EndGlobal
