
Microsoft Visual Studio Solution File, Format Version 12.00
# Visual Studio Version 17
VisualStudioVersion = 17.2.32616.157
MinimumVisualStudioVersion = 10.0.40219.1
Project("{FAE04EC0-301F-11D3-BF4B-00C04F79EFBC}") = "EX 01", "EX 01\EX 01.csproj", "{8EDF50C0-0C72-401C-82B9-65BC2AF4B484}"
EndProject
Global
	GlobalSection(SolutionConfigurationPlatforms) = preSolution
		Debug|Any CPU = Debug|Any CPU
		Release|Any CPU = Release|Any CPU
	EndGlobalSection
	GlobalSection(ProjectConfigurationPlatforms) = postSolution
		{8EDF50C0-0C72-401C-82B9-65BC2AF4B484}.Debug|Any CPU.ActiveCfg = Debug|Any CPU
		{8EDF50C0-0C72-401C-82B9-65BC2AF4B484}.Debug|Any CPU.Build.0 = Debug|Any CPU
		{8EDF50C0-0C72-401C-82B9-65BC2AF4B484}.Release|Any CPU.ActiveCfg = Release|Any CPU
		{8EDF50C0-0C72-401C-82B9-65BC2AF4B484}.Release|Any CPU.Build.0 = Release|Any CPU
	EndGlobalSection
	GlobalSection(SolutionProperties) = preSolution
		HideSolutionNode = FALSE
	EndGlobalSection
	GlobalSection(ExtensibilityGlobals) = postSolution
		SolutionGuid = {BCBACF0F-D894-48F1-9D38-A8F77E82014D}
	EndGlobalSection
EndGlobal
