
Microsoft Visual Studio Solution File, Format Version 12.00
# Visual Studio Version 17
VisualStudioVersion = 17.0.32014.148
MinimumVisualStudioVersion = 10.0.40219.1
Project("{FAE04EC0-301F-11D3-BF4B-00C04F79EFBC}") = "Ex 1", "Ex 1\Ex 1.csproj", "{EAF5EE1A-12E7-4F76-85DF-06E1A2AC1E4B}"
EndProject
Global
	GlobalSection(SolutionConfigurationPlatforms) = preSolution
		Debug|Any CPU = Debug|Any CPU
		Release|Any CPU = Release|Any CPU
	EndGlobalSection
	GlobalSection(ProjectConfigurationPlatforms) = postSolution
		{EAF5EE1A-12E7-4F76-85DF-06E1A2AC1E4B}.Debug|Any CPU.ActiveCfg = Debug|Any CPU
		{EAF5EE1A-12E7-4F76-85DF-06E1A2AC1E4B}.Debug|Any CPU.Build.0 = Debug|Any CPU
		{EAF5EE1A-12E7-4F76-85DF-06E1A2AC1E4B}.Release|Any CPU.ActiveCfg = Release|Any CPU
		{EAF5EE1A-12E7-4F76-85DF-06E1A2AC1E4B}.Release|Any CPU.Build.0 = Release|Any CPU
	EndGlobalSection
	GlobalSection(SolutionProperties) = preSolution
		HideSolutionNode = FALSE
	EndGlobalSection
	GlobalSection(ExtensibilityGlobals) = postSolution
		SolutionGuid = {CB6DC67F-DDF9-4926-9B35-3067CC8B7AEB}
	EndGlobalSection
EndGlobal
