
Microsoft Visual Studio Solution File, Format Version 12.00
# Visual Studio Version 17
VisualStudioVersion = 17.2.32616.157
MinimumVisualStudioVersion = 10.0.40219.1
Project("{FAE04EC0-301F-11D3-BF4B-00C04F79EFBC}") = "Exercicio Fixação de listas", "Exercicio Fixação de listas\Exercicio Fixação de listas.csproj", "{D3A74A52-BCDF-4F67-BAC1-2532DC9115C2}"
EndProject
Global
	GlobalSection(SolutionConfigurationPlatforms) = preSolution
		Debug|Any CPU = Debug|Any CPU
		Release|Any CPU = Release|Any CPU
	EndGlobalSection
	GlobalSection(ProjectConfigurationPlatforms) = postSolution
		{D3A74A52-BCDF-4F67-BAC1-2532DC9115C2}.Debug|Any CPU.ActiveCfg = Debug|Any CPU
		{D3A74A52-BCDF-4F67-BAC1-2532DC9115C2}.Debug|Any CPU.Build.0 = Debug|Any CPU
		{D3A74A52-BCDF-4F67-BAC1-2532DC9115C2}.Release|Any CPU.ActiveCfg = Release|Any CPU
		{D3A74A52-BCDF-4F67-BAC1-2532DC9115C2}.Release|Any CPU.Build.0 = Release|Any CPU
	EndGlobalSection
	GlobalSection(SolutionProperties) = preSolution
		HideSolutionNode = FALSE
	EndGlobalSection
	GlobalSection(ExtensibilityGlobals) = postSolution
		SolutionGuid = {5F1115EA-D8C5-494B-8AEA-37C884D88106}
	EndGlobalSection
EndGlobal
