
Microsoft Visual Studio Solution File, Format Version 12.00
# Visual Studio Version 17
VisualStudioVersion = 17.2.32616.157
MinimumVisualStudioVersion = 10.0.40219.1
Project("{FAE04EC0-301F-11D3-BF4B-00C04F79EFBC}") = "Exercicio resolvido", "Exercicio resolvido\Exercicio resolvido.csproj", "{E5DF6FE9-3DDF-4AA0-B590-33371A653442}"
EndProject
Global
	GlobalSection(SolutionConfigurationPlatforms) = preSolution
		Debug|Any CPU = Debug|Any CPU
		Release|Any CPU = Release|Any CPU
	EndGlobalSection
	GlobalSection(ProjectConfigurationPlatforms) = postSolution
		{E5DF6FE9-3DDF-4AA0-B590-33371A653442}.Debug|Any CPU.ActiveCfg = Debug|Any CPU
		{E5DF6FE9-3DDF-4AA0-B590-33371A653442}.Debug|Any CPU.Build.0 = Debug|Any CPU
		{E5DF6FE9-3DDF-4AA0-B590-33371A653442}.Release|Any CPU.ActiveCfg = Release|Any CPU
		{E5DF6FE9-3DDF-4AA0-B590-33371A653442}.Release|Any CPU.Build.0 = Release|Any CPU
	EndGlobalSection
	GlobalSection(SolutionProperties) = preSolution
		HideSolutionNode = FALSE
	EndGlobalSection
	GlobalSection(ExtensibilityGlobals) = postSolution
		SolutionGuid = {F6A52EDC-2057-4FCC-8B3D-E33476192FDD}
	EndGlobalSection
EndGlobal
